
Microsoft Visual Studio Solution File, Format Version 12.00
# Visual Studio 2013
VisualStudioVersion = 12.0.30723.0
MinimumVisualStudioVersion = 10.0.40219.1
Project("{FAE04EC0-301F-11D3-BF4B-00C04F79EFBC}") = "DD4T.ViewModels", "DD4T.ViewModels\DD4T.ViewModels.csproj", "{9B3DF9C0-0779-4A22-8B63-B6745DA7EDC3}"
EndProject
Project("{FAE04EC0-301F-11D3-BF4B-00C04F79EFBC}") = "DD4T.ViewModels.UnitTests", "DD4T.ViewModels.UnitTests\DD4T.ViewModels.UnitTests.csproj", "{8ECF6130-FCB9-4505-A773-B337109B8202}"
EndProject
Global
	GlobalSection(SolutionConfigurationPlatforms) = preSolution
		Debug|Any CPU = Debug|Any CPU
		Release|Any CPU = Release|Any CPU
	EndGlobalSection
	GlobalSection(ProjectConfigurationPlatforms) = postSolution
		{9B3DF9C0-0779-4A22-8B63-B6745DA7EDC3}.Debug|Any CPU.ActiveCfg = Debug|Any CPU
		{9B3DF9C0-0779-4A22-8B63-B6745DA7EDC3}.Debug|Any CPU.Build.0 = Debug|Any CPU
		{9B3DF9C0-0779-4A22-8B63-B6745DA7EDC3}.Release|Any CPU.ActiveCfg = Release|Any CPU
		{9B3DF9C0-0779-4A22-8B63-B6745DA7EDC3}.Release|Any CPU.Build.0 = Release|Any CPU
		{8ECF6130-FCB9-4505-A773-B337109B8202}.Debug|Any CPU.ActiveCfg = Debug|Any CPU
		{8ECF6130-FCB9-4505-A773-B337109B8202}.Debug|Any CPU.Build.0 = Debug|Any CPU
		{8ECF6130-FCB9-4505-A773-B337109B8202}.Release|Any CPU.ActiveCfg = Release|Any CPU
		{8ECF6130-FCB9-4505-A773-B337109B8202}.Release|Any CPU.Build.0 = Release|Any CPU
	EndGlobalSection
	GlobalSection(SolutionProperties) = preSolution
		HideSolutionNode = FALSE
	EndGlobalSection
EndGlobal
